// !$*UTF8*$!
{
	archiveVersion = 1;
	classes = {
	};
	objectVersion = 50;
	objects = {

/* Begin PBXBuildFile section */
		5493FF7625FC96F2007E3113 /* AppDelegate.swift in Sources */ = {isa = PBXBuildFile; fileRef = 5493FF7525FC96F2007E3113 /* AppDelegate.swift */; };
		5493FF7825FC96F2007E3113 /* SceneDelegate.swift in Sources */ = {isa = PBXBuildFile; fileRef = 5493FF7725FC96F2007E3113 /* SceneDelegate.swift */; };
		5493FF7D25FC96F2007E3113 /* Main.storyboard in Resources */ = {isa = PBXBuildFile; fileRef = 5493FF7B25FC96F2007E3113 /* Main.storyboard */; };
		5493FF8025FC96F2007E3113 /* EmployeeManagerCoreData.xcdatamodeld in Sources */ = {isa = PBXBuildFile; fileRef = 5493FF7E25FC96F2007E3113 /* EmployeeManagerCoreData.xcdatamodeld */; };
		5493FF8225FC96F3007E3113 /* Assets.xcassets in Resources */ = {isa = PBXBuildFile; fileRef = 5493FF8125FC96F3007E3113 /* Assets.xcassets */; };
		5493FF8525FC96F3007E3113 /* LaunchScreen.storyboard in Resources */ = {isa = PBXBuildFile; fileRef = 5493FF8325FC96F3007E3113 /* LaunchScreen.storyboard */; };
		5493FF9D25FC9956007E3113 /* Employee+CoreDataClass.swift in Sources */ = {isa = PBXBuildFile; fileRef = 5493FF9B25FC9956007E3113 /* Employee+CoreDataClass.swift */; };
		5493FF9E25FC9956007E3113 /* Employee+CoreDataProperties.swift in Sources */ = {isa = PBXBuildFile; fileRef = 5493FF9C25FC9956007E3113 /* Employee+CoreDataProperties.swift */; };
		5493FFA125FC99FE007E3113 /* EmployeeTableViewCell.xib in Resources */ = {isa = PBXBuildFile; fileRef = 5493FFA025FC99FE007E3113 /* EmployeeTableViewCell.xib */; };
		5493FFA625FC9BA2007E3113 /* EmployeeTableViewCell.swift in Sources */ = {isa = PBXBuildFile; fileRef = 5493FFA525FC9BA2007E3113 /* EmployeeTableViewCell.swift */; };
		5493FFAC25FC9C36007E3113 /* EmployeeViewModel.swift in Sources */ = {isa = PBXBuildFile; fileRef = 5493FFAB25FC9C36007E3113 /* EmployeeViewModel.swift */; };
		5493FFB025FC9D40007E3113 /* Dynamic.swift in Sources */ = {isa = PBXBuildFile; fileRef = 5493FFAF25FC9D40007E3113 /* Dynamic.swift */; };
		5493FFB425FCA000007E3113 /* EmployeeControllerViewModel.swift in Sources */ = {isa = PBXBuildFile; fileRef = 5493FFB325FCA000007E3113 /* EmployeeControllerViewModel.swift */; };
		5493FFB725FCA066007E3113 /* CoreDataManager.swift in Sources */ = {isa = PBXBuildFile; fileRef = 5493FFB625FCA066007E3113 /* CoreDataManager.swift */; };
		5493FFC025FCA6DA007E3113 /* EmployeeViewController.swift in Sources */ = {isa = PBXBuildFile; fileRef = 5493FFBF25FCA6DA007E3113 /* EmployeeViewController.swift */; };
		5493FFC325FCA6F5007E3113 /* Constants.swift in Sources */ = {isa = PBXBuildFile; fileRef = 5493FFC225FCA6F5007E3113 /* Constants.swift */; };
		5493FFC625FCA8FA007E3113 /* DetailTextFieldCell.xib in Resources */ = {isa = PBXBuildFile; fileRef = 5493FFC525FCA8FA007E3113 /* DetailTextFieldCell.xib */; };
		5493FFC925FCAC82007E3113 /* DetailTextFieldCell.swift in Sources */ = {isa = PBXBuildFile; fileRef = 5493FFC825FCAC82007E3113 /* DetailTextFieldCell.swift */; };
		5493FFCC25FCACF0007E3113 /* EmployeeDetailViewController.swift in Sources */ = {isa = PBXBuildFile; fileRef = 5493FFCB25FCACF0007E3113 /* EmployeeDetailViewController.swift */; };
		5493FFD825FCC131007E3113 /* EmployeeDetailViewModel.swift in Sources */ = {isa = PBXBuildFile; fileRef = 5493FFD725FCC131007E3113 /* EmployeeDetailViewModel.swift */; };
/* End PBXBuildFile section */

/* Begin PBXFileReference section */
		5493FF7225FC96F2007E3113 /* EmployeeManagerCoreData.app */ = {isa = PBXFileReference; explicitFileType = wrapper.application; includeInIndex = 0; path = EmployeeManagerCoreData.app; sourceTree = BUILT_PRODUCTS_DIR; };
		5493FF7525FC96F2007E3113 /* AppDelegate.swift */ = {isa = PBXFileReference; lastKnownFileType = sourcecode.swift; path = AppDelegate.swift; sourceTree = "<group>"; };
		5493FF7725FC96F2007E3113 /* SceneDelegate.swift */ = {isa = PBXFileReference; lastKnownFileType = sourcecode.swift; path = SceneDelegate.swift; sourceTree = "<group>"; };
		5493FF7C25FC96F2007E3113 /* Base */ = {isa = PBXFileReference; lastKnownFileType = file.storyboard; name = Base; path = Base.lproj/Main.storyboard; sourceTree = "<group>"; };
		5493FF7F25FC96F2007E3113 /* EmployeeManagerCoreData.xcdatamodel */ = {isa = PBXFileReference; lastKnownFileType = wrapper.xcdatamodel; path = EmployeeManagerCoreData.xcdatamodel; sourceTree = "<group>"; };
		5493FF8125FC96F3007E3113 /* Assets.xcassets */ = {isa = PBXFileReference; lastKnownFileType = folder.assetcatalog; path = Assets.xcassets; sourceTree = "<group>"; };
		5493FF8425FC96F3007E3113 /* Base */ = {isa = PBXFileReference; lastKnownFileType = file.storyboard; name = Base; path = Base.lproj/LaunchScreen.storyboard; sourceTree = "<group>"; };
		5493FF8625FC96F3007E3113 /* Info.plist */ = {isa = PBXFileReference; lastKnownFileType = text.plist.xml; path = Info.plist; sourceTree = "<group>"; };
		5493FF9B25FC9956007E3113 /* Employee+CoreDataClass.swift */ = {isa = PBXFileReference; lastKnownFileType = sourcecode.swift; path = "Employee+CoreDataClass.swift"; sourceTree = "<group>"; };
		5493FF9C25FC9956007E3113 /* Employee+CoreDataProperties.swift */ = {isa = PBXFileReference; lastKnownFileType = sourcecode.swift; path = "Employee+CoreDataProperties.swift"; sourceTree = "<group>"; };
		5493FFA025FC99FE007E3113 /* EmployeeTableViewCell.xib */ = {isa = PBXFileReference; lastKnownFileType = file.xib; path = EmployeeTableViewCell.xib; sourceTree = "<group>"; };
		5493FFA525FC9BA2007E3113 /* EmployeeTableViewCell.swift */ = {isa = PBXFileReference; lastKnownFileType = sourcecode.swift; path = EmployeeTableViewCell.swift; sourceTree = "<group>"; };
		5493FFAB25FC9C36007E3113 /* EmployeeViewModel.swift */ = {isa = PBXFileReference; lastKnownFileType = sourcecode.swift; path = EmployeeViewModel.swift; sourceTree = "<group>"; };
		5493FFAF25FC9D40007E3113 /* Dynamic.swift */ = {isa = PBXFileReference; lastKnownFileType = sourcecode.swift; path = Dynamic.swift; sourceTree = "<group>"; };
		5493FFB325FCA000007E3113 /* EmployeeControllerViewModel.swift */ = {isa = PBXFileReference; lastKnownFileType = sourcecode.swift; path = EmployeeControllerViewModel.swift; sourceTree = "<group>"; };
		5493FFB625FCA066007E3113 /* CoreDataManager.swift */ = {isa = PBXFileReference; lastKnownFileType = sourcecode.swift; path = CoreDataManager.swift; sourceTree = "<group>"; };
		5493FFBF25FCA6DA007E3113 /* EmployeeViewController.swift */ = {isa = PBXFileReference; fileEncoding = 4; lastKnownFileType = sourcecode.swift; path = EmployeeViewController.swift; sourceTree = "<group>"; };
		5493FFC225FCA6F5007E3113 /* Constants.swift */ = {isa = PBXFileReference; lastKnownFileType = sourcecode.swift; path = Constants.swift; sourceTree = "<group>"; };
		5493FFC525FCA8FA007E3113 /* DetailTextFieldCell.xib */ = {isa = PBXFileReference; lastKnownFileType = file.xib; path = DetailTextFieldCell.xib; sourceTree = "<group>"; };
		5493FFC825FCAC82007E3113 /* DetailTextFieldCell.swift */ = {isa = PBXFileReference; lastKnownFileType = sourcecode.swift; path = DetailTextFieldCell.swift; sourceTree = "<group>"; };
		5493FFCB25FCACF0007E3113 /* EmployeeDetailViewController.swift */ = {isa = PBXFileReference; lastKnownFileType = sourcecode.swift; path = EmployeeDetailViewController.swift; sourceTree = "<group>"; };
		5493FFD725FCC131007E3113 /* EmployeeDetailViewModel.swift */ = {isa = PBXFileReference; lastKnownFileType = sourcecode.swift; path = EmployeeDetailViewModel.swift; sourceTree = "<group>"; };
/* End PBXFileReference section */

/* Begin PBXFrameworksBuildPhase section */
		5493FF6F25FC96F2007E3113 /* Frameworks */ = {
			isa = PBXFrameworksBuildPhase;
			buildActionMask = 2147483647;
			files = (
			);
			runOnlyForDeploymentPostprocessing = 0;
		};
/* End PBXFrameworksBuildPhase section */

/* Begin PBXGroup section */
		5493FF6925FC96F2007E3113 = {
			isa = PBXGroup;
			children = (
				5493FF7425FC96F2007E3113 /* EmployeeManagerCoreData */,
				5493FF7325FC96F2007E3113 /* Products */,
			);
			sourceTree = "<group>";
		};
		5493FF7325FC96F2007E3113 /* Products */ = {
			isa = PBXGroup;
			children = (
				5493FF7225FC96F2007E3113 /* EmployeeManagerCoreData.app */,
			);
			name = Products;
			sourceTree = "<group>";
		};
		5493FF7425FC96F2007E3113 /* EmployeeManagerCoreData */ = {
			isa = PBXGroup;
			children = (
				5493FFA425FC9B8C007E3113 /* Cells */,
				5493FF8F25FC9872007E3113 /* Controller */,
				5493FF9425FC98AE007E3113 /* ViewModel */,
				5493FF9225FC9885007E3113 /* View */,
				5493FF9325FC988D007E3113 /* Model */,
				5493FFAE25FC9D2B007E3113 /* Utility */,
				5493FF7525FC96F2007E3113 /* AppDelegate.swift */,
				5493FF7725FC96F2007E3113 /* SceneDelegate.swift */,
				5493FF8125FC96F3007E3113 /* Assets.xcassets */,
				5493FF8625FC96F3007E3113 /* Info.plist */,
			);
			path = EmployeeManagerCoreData;
			sourceTree = "<group>";
		};
		5493FF8F25FC9872007E3113 /* Controller */ = {
			isa = PBXGroup;
			children = (
				5493FFBF25FCA6DA007E3113 /* EmployeeViewController.swift */,
				5493FFCB25FCACF0007E3113 /* EmployeeDetailViewController.swift */,
			);
			path = Controller;
			sourceTree = "<group>";
		};
		5493FF9225FC9885007E3113 /* View */ = {
			isa = PBXGroup;
			children = (
				5493FF8325FC96F3007E3113 /* LaunchScreen.storyboard */,
				5493FF7B25FC96F2007E3113 /* Main.storyboard */,
				5493FFA925FC9BAC007E3113 /* Cells */,
			);
			path = View;
			sourceTree = "<group>";
		};
		5493FF9325FC988D007E3113 /* Model */ = {
			isa = PBXGroup;
			children = (
				5493FF9B25FC9956007E3113 /* Employee+CoreDataClass.swift */,
				5493FF9C25FC9956007E3113 /* Employee+CoreDataProperties.swift */,
				5493FF7E25FC96F2007E3113 /* EmployeeManagerCoreData.xcdatamodeld */,
			);
			path = Model;
			sourceTree = "<group>";
		};
		5493FF9425FC98AE007E3113 /* ViewModel */ = {
			isa = PBXGroup;
			children = (
				5493FFAA25FC9C1D007E3113 /* Cells */,
				5493FFB325FCA000007E3113 /* EmployeeControllerViewModel.swift */,
				5493FFD725FCC131007E3113 /* EmployeeDetailViewModel.swift */,
			);
			path = ViewModel;
			sourceTree = "<group>";
		};
		5493FFA425FC9B8C007E3113 /* Cells */ = {
			isa = PBXGroup;
			children = (
				5493FFA525FC9BA2007E3113 /* EmployeeTableViewCell.swift */,
				5493FFC825FCAC82007E3113 /* DetailTextFieldCell.swift */,
			);
			path = Cells;
			sourceTree = "<group>";
		};
		5493FFA925FC9BAC007E3113 /* Cells */ = {
			isa = PBXGroup;
			children = (
				5493FFA025FC99FE007E3113 /* EmployeeTableViewCell.xib */,
				5493FFC525FCA8FA007E3113 /* DetailTextFieldCell.xib */,
			);
			path = Cells;
			sourceTree = "<group>";
		};
		5493FFAA25FC9C1D007E3113 /* Cells */ = {
			isa = PBXGroup;
			children = (
				5493FFAB25FC9C36007E3113 /* EmployeeViewModel.swift */,
			);
			path = Cells;
			sourceTree = "<group>";
		};
		5493FFAE25FC9D2B007E3113 /* Utility */ = {
			isa = PBXGroup;
			children = (
				5493FFAF25FC9D40007E3113 /* Dynamic.swift */,
				5493FFB625FCA066007E3113 /* CoreDataManager.swift */,
				5493FFC225FCA6F5007E3113 /* Constants.swift */,
			);
			path = Utility;
			sourceTree = "<group>";
		};
/* End PBXGroup section */

/* Begin PBXNativeTarget section */
		5493FF7125FC96F2007E3113 /* EmployeeManagerCoreData */ = {
			isa = PBXNativeTarget;
			buildConfigurationList = 5493FF8925FC96F3007E3113 /* Build configuration list for PBXNativeTarget "EmployeeManagerCoreData" */;
			buildPhases = (
				5493FF6E25FC96F2007E3113 /* Sources */,
				5493FF6F25FC96F2007E3113 /* Frameworks */,
				5493FF7025FC96F2007E3113 /* Resources */,
			);
			buildRules = (
			);
			dependencies = (
			);
			name = EmployeeManagerCoreData;
			productName = EmployeeManagerCoreData;
			productReference = 5493FF7225FC96F2007E3113 /* EmployeeManagerCoreData.app */;
			productType = "com.apple.product-type.application";
		};
/* End PBXNativeTarget section */

/* Begin PBXProject section */
		5493FF6A25FC96F2007E3113 /* Project object */ = {
			isa = PBXProject;
			attributes = {
				LastSwiftUpdateCheck = 1240;
				LastUpgradeCheck = 1240;
				TargetAttributes = {
					5493FF7125FC96F2007E3113 = {
						CreatedOnToolsVersion = 12.4;
					};
				};
			};
			buildConfigurationList = 5493FF6D25FC96F2007E3113 /* Build configuration list for PBXProject "EmployeeManagerCoreData" */;
			compatibilityVersion = "Xcode 9.3";
			developmentRegion = en;
			hasScannedForEncodings = 0;
			knownRegions = (
				en,
				Base,
			);
			mainGroup = 5493FF6925FC96F2007E3113;
			productRefGroup = 5493FF7325FC96F2007E3113 /* Products */;
			projectDirPath = "";
			projectRoot = "";
			targets = (
				5493FF7125FC96F2007E3113 /* EmployeeManagerCoreData */,
			);
		};
/* End PBXProject section */

/* Begin PBXResourcesBuildPhase section */
		5493FF7025FC96F2007E3113 /* Resources */ = {
			isa = PBXResourcesBuildPhase;
			buildActionMask = 2147483647;
			files = (
				5493FFC625FCA8FA007E3113 /* DetailTextFieldCell.xib in Resources */,
				5493FF8525FC96F3007E3113 /* LaunchScreen.storyboard in Resources */,
				5493FFA125FC99FE007E3113 /* EmployeeTableViewCell.xib in Resources */,
				5493FF8225FC96F3007E3113 /* Assets.xcassets in Resources */,
				5493FF7D25FC96F2007E3113 /* Main.storyboard in Resources */,
			);
			runOnlyForDeploymentPostprocessing = 0;
		};
/* End PBXResourcesBuildPhase section */

/* Begin PBXSourcesBuildPhase section */
		5493FF6E25FC96F2007E3113 /* Sources */ = {
			isa = PBXSourcesBuildPhase;
			buildActionMask = 2147483647;
			files = (
				5493FFA625FC9BA2007E3113 /* EmployeeTableViewCell.swift in Sources */,
				5493FFD825FCC131007E3113 /* EmployeeDetailViewModel.swift in Sources */,
				5493FF9E25FC9956007E3113 /* Employee+CoreDataProperties.swift in Sources */,
				5493FFB025FC9D40007E3113 /* Dynamic.swift in Sources */,
				5493FFB425FCA000007E3113 /* EmployeeControllerViewModel.swift in Sources */,
				5493FF7625FC96F2007E3113 /* AppDelegate.swift in Sources */,
				5493FFCC25FCACF0007E3113 /* EmployeeDetailViewController.swift in Sources */,
				5493FF8025FC96F2007E3113 /* EmployeeManagerCoreData.xcdatamodeld in Sources */,
				5493FF9D25FC9956007E3113 /* Employee+CoreDataClass.swift in Sources */,
				5493FFC025FCA6DA007E3113 /* EmployeeViewController.swift in Sources */,
				5493FFAC25FC9C36007E3113 /* EmployeeViewModel.swift in Sources */,
				5493FF7825FC96F2007E3113 /* SceneDelegate.swift in Sources */,
				5493FFB725FCA066007E3113 /* CoreDataManager.swift in Sources */,
				5493FFC925FCAC82007E3113 /* DetailTextFieldCell.swift in Sources */,
				5493FFC325FCA6F5007E3113 /* Constants.swift in Sources */,
			);
			runOnlyForDeploymentPostprocessing = 0;
		};
/* End PBXSourcesBuildPhase section */

/* Begin PBXVariantGroup section */
		5493FF7B25FC96F2007E3113 /* Main.storyboard */ = {
			isa = PBXVariantGroup;
			children = (
				5493FF7C25FC96F2007E3113 /* Base */,
			);
			name = Main.storyboard;
			sourceTree = "<group>";
		};
		5493FF8325FC96F3007E3113 /* LaunchScreen.storyboard */ = {
			isa = PBXVariantGroup;
			children = (
				5493FF8425FC96F3007E3113 /* Base */,
			);
			name = LaunchScreen.storyboard;
			sourceTree = "<group>";
		};
/* End PBXVariantGroup section */

/* Begin XCBuildConfiguration section */
		5493FF8725FC96F3007E3113 /* Debug */ = {
			isa = XCBuildConfiguration;
			buildSettings = {
				ALWAYS_SEARCH_USER_PATHS = NO;
				CLANG_ANALYZER_NONNULL = YES;
				CLANG_ANALYZER_NUMBER_OBJECT_CONVERSION = YES_AGGRESSIVE;
				CLANG_CXX_LANGUAGE_STANDARD = "gnu++14";
				CLANG_CXX_LIBRARY = "libc++";
				CLANG_ENABLE_MODULES = YES;
				CLANG_ENABLE_OBJC_ARC = YES;
				CLANG_ENABLE_OBJC_WEAK = YES;
				CLANG_WARN_BLOCK_CAPTURE_AUTORELEASING = YES;
				CLANG_WARN_BOOL_CONVERSION = YES;
				CLANG_WARN_COMMA = YES;
				CLANG_WARN_CONSTANT_CONVERSION = YES;
				CLANG_WARN_DEPRECATED_OBJC_IMPLEMENTATIONS = YES;
				CLANG_WARN_DIRECT_OBJC_ISA_USAGE = YES_ERROR;
				CLANG_WARN_DOCUMENTATION_COMMENTS = YES;
				CLANG_WARN_EMPTY_BODY = YES;
				CLANG_WARN_ENUM_CONVERSION = YES;
				CLANG_WARN_INFINITE_RECURSION = YES;
				CLANG_WARN_INT_CONVERSION = YES;
				CLANG_WARN_NON_LITERAL_NULL_CONVERSION = YES;
				CLANG_WARN_OBJC_IMPLICIT_RETAIN_SELF = YES;
				CLANG_WARN_OBJC_LITERAL_CONVERSION = YES;
				CLANG_WARN_OBJC_ROOT_CLASS = YES_ERROR;
				CLANG_WARN_QUOTED_INCLUDE_IN_FRAMEWORK_HEADER = YES;
				CLANG_WARN_RANGE_LOOP_ANALYSIS = YES;
				CLANG_WARN_STRICT_PROTOTYPES = YES;
				CLANG_WARN_SUSPICIOUS_MOVE = YES;
				CLANG_WARN_UNGUARDED_AVAILABILITY = YES_AGGRESSIVE;
				CLANG_WARN_UNREACHABLE_CODE = YES;
				CLANG_WARN__DUPLICATE_METHOD_MATCH = YES;
				COPY_PHASE_STRIP = NO;
				DEBUG_INFORMATION_FORMAT = dwarf;
				ENABLE_STRICT_OBJC_MSGSEND = YES;
				ENABLE_TESTABILITY = YES;
				GCC_C_LANGUAGE_STANDARD = gnu11;
				GCC_DYNAMIC_NO_PIC = NO;
				GCC_NO_COMMON_BLOCKS = YES;
				GCC_OPTIMIZATION_LEVEL = 0;
				GCC_PREPROCESSOR_DEFINITIONS = (
					"DEBUG=1",
					"$(inherited)",
				);
				GCC_WARN_64_TO_32_BIT_CONVERSION = YES;
				GCC_WARN_ABOUT_RETURN_TYPE = YES_ERROR;
				GCC_WARN_UNDECLARED_SELECTOR = YES;
				GCC_WARN_UNINITIALIZED_AUTOS = YES_AGGRESSIVE;
				GCC_WARN_UNUSED_FUNCTION = YES;
				GCC_WARN_UNUSED_VARIABLE = YES;
				IPHONEOS_DEPLOYMENT_TARGET = 14.4;
				MTL_ENABLE_DEBUG_INFO = INCLUDE_SOURCE;
				MTL_FAST_MATH = YES;
				ONLY_ACTIVE_ARCH = YES;
				SDKROOT = iphoneos;
				SWIFT_ACTIVE_COMPILATION_CONDITIONS = DEBUG;
				SWIFT_OPTIMIZATION_LEVEL = "-Onone";
			};
			name = Debug;
		};
		5493FF8825FC96F3007E3113 /* Release */ = {
			isa = XCBuildConfiguration;
			buildSettings = {
				ALWAYS_SEARCH_USER_PATHS = NO;
				CLANG_ANALYZER_NONNULL = YES;
				CLANG_ANALYZER_NUMBER_OBJECT_CONVERSION = YES_AGGRESSIVE;
				CLANG_CXX_LANGUAGE_STANDARD = "gnu++14";
				CLANG_CXX_LIBRARY = "libc++";
				CLANG_ENABLE_MODULES = YES;
				CLANG_ENABLE_OBJC_ARC = YES;
				CLANG_ENABLE_OBJC_WEAK = YES;
				CLANG_WARN_BLOCK_CAPTURE_AUTORELEASING = YES;
				CLANG_WARN_BOOL_CONVERSION = YES;
				CLANG_WARN_COMMA = YES;
				CLANG_WARN_CONSTANT_CONVERSION = YES;
				CLANG_WARN_DEPRECATED_OBJC_IMPLEMENTATIONS = YES;
				CLANG_WARN_DIRECT_OBJC_ISA_USAGE = YES_ERROR;
				CLANG_WARN_DOCUMENTATION_COMMENTS = YES;
				CLANG_WARN_EMPTY_BODY = YES;
				CLANG_WARN_ENUM_CONVERSION = YES;
				CLANG_WARN_INFINITE_RECURSION = YES;
				CLANG_WARN_INT_CONVERSION = YES;
				CLANG_WARN_NON_LITERAL_NULL_CONVERSION = YES;
				CLANG_WARN_OBJC_IMPLICIT_RETAIN_SELF = YES;
				CLANG_WARN_OBJC_LITERAL_CONVERSION = YES;
				CLANG_WARN_OBJC_ROOT_CLASS = YES_ERROR;
				CLANG_WARN_QUOTED_INCLUDE_IN_FRAMEWORK_HEADER = YES;
				CLANG_WARN_RANGE_LOOP_ANALYSIS = YES;
				CLANG_WARN_STRICT_PROTOTYPES = YES;
				CLANG_WARN_SUSPICIOUS_MOVE = YES;
				CLANG_WARN_UNGUARDED_AVAILABILITY = YES_AGGRESSIVE;
				CLANG_WARN_UNREACHABLE_CODE = YES;
				CLANG_WARN__DUPLICATE_METHOD_MATCH = YES;
				COPY_PHASE_STRIP = NO;
				DEBUG_INFORMATION_FORMAT = "dwarf-with-dsym";
				ENABLE_NS_ASSERTIONS = NO;
				ENABLE_STRICT_OBJC_MSGSEND = YES;
				GCC_C_LANGUAGE_STANDARD = gnu11;
				GCC_NO_COMMON_BLOCKS = YES;
				GCC_WARN_64_TO_32_BIT_CONVERSION = YES;
				GCC_WARN_ABOUT_RETURN_TYPE = YES_ERROR;
				GCC_WARN_UNDECLARED_SELECTOR = YES;
				GCC_WARN_UNINITIALIZED_AUTOS = YES_AGGRESSIVE;
				GCC_WARN_UNUSED_FUNCTION = YES;
				GCC_WARN_UNUSED_VARIABLE = YES;
				IPHONEOS_DEPLOYMENT_TARGET = 14.4;
				MTL_ENABLE_DEBUG_INFO = NO;
				MTL_FAST_MATH = YES;
				SDKROOT = iphoneos;
				SWIFT_COMPILATION_MODE = wholemodule;
				SWIFT_OPTIMIZATION_LEVEL = "-O";
				VALIDATE_PRODUCT = YES;
			};
			name = Release;
		};
		5493FF8A25FC96F3007E3113 /* Debug */ = {
			isa = XCBuildConfiguration;
			buildSettings = {
				ASSETCATALOG_COMPILER_APPICON_NAME = AppIcon;
				ASSETCATALOG_COMPILER_GLOBAL_ACCENT_COLOR_NAME = AccentColor;
				CODE_SIGN_STYLE = Automatic;
				INFOPLIST_FILE = EmployeeManagerCoreData/Info.plist;
				LD_RUNPATH_SEARCH_PATHS = (
					"$(inherited)",
					"@executable_path/Frameworks",
				);
				PRODUCT_BUNDLE_IDENTIFIER = com.srdbolla.EmployeeManagerCoreData;
				PRODUCT_NAME = "$(TARGET_NAME)";
				SWIFT_VERSION = 5.0;
				TARGETED_DEVICE_FAMILY = "1,2";
			};
			name = Debug;
		};
		5493FF8B25FC96F3007E3113 /* Release */ = {
			isa = XCBuildConfiguration;
			buildSettings = {
				ASSETCATALOG_COMPILER_APPICON_NAME = AppIcon;
				ASSETCATALOG_COMPILER_GLOBAL_ACCENT_COLOR_NAME = AccentColor;
				CODE_SIGN_STYLE = Automatic;
				INFOPLIST_FILE = EmployeeManagerCoreData/Info.plist;
				LD_RUNPATH_SEARCH_PATHS = (
					"$(inherited)",
					"@executable_path/Frameworks",
				);
				PRODUCT_BUNDLE_IDENTIFIER = com.srdbolla.EmployeeManagerCoreData;
				PRODUCT_NAME = "$(TARGET_NAME)";
				SWIFT_VERSION = 5.0;
				TARGETED_DEVICE_FAMILY = "1,2";
			};
			name = Release;
		};
/* End XCBuildConfiguration section */

/* Begin XCConfigurationList section */
		5493FF6D25FC96F2007E3113 /* Build configuration list for PBXProject "EmployeeManagerCoreData" */ = {
			isa = XCConfigurationList;
			buildConfigurations = (
				5493FF8725FC96F3007E3113 /* Debug */,
				5493FF8825FC96F3007E3113 /* Release */,
			);
			defaultConfigurationIsVisible = 0;
			defaultConfigurationName = Release;
		};
		5493FF8925FC96F3007E3113 /* Build configuration list for PBXNativeTarget "EmployeeManagerCoreData" */ = {
			isa = XCConfigurationList;
			buildConfigurations = (
				5493FF8A25FC96F3007E3113 /* Debug */,
				5493FF8B25FC96F3007E3113 /* Release */,
			);
			defaultConfigurationIsVisible = 0;
			defaultConfigurationName = Release;
		};
/* End XCConfigurationList section */

/* Begin XCVersionGroup section */
		5493FF7E25FC96F2007E3113 /* EmployeeManagerCoreData.xcdatamodeld */ = {
			isa = XCVersionGroup;
			children = (
				5493FF7F25FC96F2007E3113 /* EmployeeManagerCoreData.xcdatamodel */,
			);
			currentVersion = 5493FF7F25FC96F2007E3113 /* EmployeeManagerCoreData.xcdatamodel */;
			path = EmployeeManagerCoreData.xcdatamodeld;
			sourceTree = "<group>";
			versionGroupType = wrapper.xcdatamodel;
		};
/* End XCVersionGroup section */
	};
	rootObject = 5493FF6A25FC96F2007E3113 /* Project object */;
}
